{
  "name": "Websockets",
  "lockfileVersion": 3,
  "requires": true,
  "packages": {
    "": {
      "dependencies": {
        "lodash.throttle": "^4.1.1",
        "perfect-cursors": "^1.0.5",
        "react-use-websockets": "^2.0.1"
      }
    },
    "node_modules/@babel/runtime": {
      "version": "7.23.6",
      "resolved": "https://registry.npmjs.org/@babel/runtime/-/runtime-7.23.6.tgz",
      "integrity": "sha512-zHd0eUrf5GZoOWVCXp6koAKQTfZV07eit6bGPmJgnZdnSAvvZee6zniW2XMF7Cmc4ISOOnPy3QaSiIJGJkVEDQ==",
      "dependencies": {
        "regenerator-runtime": "^0.14.0"
      },
      "engines": {
        "node": ">=6.9.0"
      }
    },
    "node_modules/@tldraw/vec": {
      "version": "1.9.2",
      "resolved": "https://registry.npmjs.org/@tldraw/vec/-/vec-1.9.2.tgz",
      "integrity": "sha512-k9vH52MRpJHjVcaahWu6VqvhLeE9h1qL5Z2gLobS9zTMpUJ59kBQPNo0VPzPlDYBpXdS4GxuB4jYQMnKvuPAZg=="
    },
    "node_modules/@types/lodash": {
      "version": "4.14.202",
      "resolved": "https://registry.npmjs.org/@types/lodash/-/lodash-4.14.202.tgz",
      "integrity": "sha512-OvlIYQK9tNneDlS0VN54LLd5uiPCBOp7gS5Z0f1mjoJYBrtStzgmJBxONW3U6OZqdtNzZPmn9BS/7WI7BFFcFQ=="
    },
    "node_modules/@types/uuid": {
      "version": "9.0.7",
      "resolved": "https://registry.npmjs.org/@types/uuid/-/uuid-9.0.7.tgz",
      "integrity": "sha512-WUtIVRUZ9i5dYXefDEAI7sh9/O7jGvHg7Df/5O/gtH3Yabe5odI3UWopVR1qbPXQtvOxWu3mM4XxlYeZtMWF4g=="
    },
    "node_modules/js-tokens": {
      "version": "4.0.0",
      "resolved": "https://registry.npmjs.org/js-tokens/-/js-tokens-4.0.0.tgz",
      "integrity": "sha512-RdJUflcE3cUzKiMqQgsCu06FPu9UdIJO0beYbPhHN4k6apgJtifcoCtT9bcxOpYBtpD2kCM6Sbzg4CausW/PKQ==",
      "peer": true
    },
    "node_modules/lodash": {
      "version": "4.17.21",
      "resolved": "https://registry.npmjs.org/lodash/-/lodash-4.17.21.tgz",
      "integrity": "sha512-v2kDEe57lecTulaDIuNTPy3Ry4gLGJ6Z1O3vE1krgXZNrsQ+LFTGHVxVjcXPs17LhbZVGedAJv8XZ1tvj5FvSg=="
    },
    "node_modules/lodash.throttle": {
      "version": "4.1.1",
      "resolved": "https://registry.npmjs.org/lodash.throttle/-/lodash.throttle-4.1.1.tgz",
      "integrity": "sha512-wIkUCfVKpVsWo3JSZlc+8MB5it+2AN5W8J7YVMST30UrvcQNZ1Okbj+rbVniijTWE6FGYy4XJq/rHkas8qJMLQ=="
    },
    "node_modules/loose-envify": {
      "version": "1.4.0",
      "resolved": "https://registry.npmjs.org/loose-envify/-/loose-envify-1.4.0.tgz",
      "integrity": "sha512-lyuxPGr/Wfhrlem2CL/UcnUc1zcqKAImBDzukY7Y5F/yQiNdko6+fRLevlw1HgMySw7f611UIY408EtxRSoK3Q==",
      "peer": true,
      "dependencies": {
        "js-tokens": "^3.0.0 || ^4.0.0"
      },
      "bin": {
        "loose-envify": "cli.js"
      }
    },
    "node_modules/perfect-cursors": {
      "version": "1.0.5",
      "resolved": "https://registry.npmjs.org/perfect-cursors/-/perfect-cursors-1.0.5.tgz",
      "integrity": "sha512-LgQJj6QtF6VzYODurlhF9Ayt2liiadJZBocK98brcCC6D/dRtZlSU/r0mXWDoCdGPiO24oJB1+PZKz4p9hblWg==",
      "dependencies": {
        "@tldraw/vec": "^1.4.3"
      }
    },
    "node_modules/react": {
      "version": "18.2.0",
      "resolved": "https://registry.npmjs.org/react/-/react-18.2.0.tgz",
      "integrity": "sha512-/3IjMdb2L9QbBdWiW5e3P2/npwMBaU9mHCSCUzNln0ZCYbcfTsGbTJrU/kGemdH2IWmB2ioZ+zkxtmq6g09fGQ==",
      "peer": true,
      "dependencies": {
        "loose-envify": "^1.1.0"
      },
      "engines": {
        "node": ">=0.10.0"
      }
    },
    "node_modules/react-error-boundary": {
      "version": "4.0.12",
      "resolved": "https://registry.npmjs.org/react-error-boundary/-/react-error-boundary-4.0.12.tgz",
      "integrity": "sha512-kJdxdEYlb7CPC1A0SeUY38cHpjuu6UkvzKiAmqmOFL21VRfMhOcWxTCBgLVCO0VEMh9JhFNcVaXlV4/BTpiwOA==",
      "dependencies": {
        "@babel/runtime": "^7.12.5"
      },
      "peerDependencies": {
        "react": ">=16.13.1"
      }
    },
    "node_modules/react-use-variable": {
      "version": "1.2.0",
      "resolved": "https://registry.npmjs.org/react-use-variable/-/react-use-variable-1.2.0.tgz",
      "integrity": "sha512-EbsUVk5fICfBdDyB1dPgsiT0FReSYCBaBDcXwOqPmKLIDqz5YKoVWidJZh5wsq8xA+lhjm83cB/qcY73MWNaeA=="
    },
    "node_modules/react-use-websockets": {
      "version": "2.0.1",
      "resolved": "https://registry.npmjs.org/react-use-websockets/-/react-use-websockets-2.0.1.tgz",
      "integrity": "sha512-JUMKAVyJz5s4nE8VM3OLO4c8P8oNF/aSfjLD75QIMKCx5J3dBQe1lanjei0R7WPQNZSZ51nuBx7d+oZpFv+EkA==",
      "dependencies": {
        "@types/lodash": "^4.14.201",
        "@types/uuid": "^9.0.7",
        "lodash": "latest",
        "react-error-boundary": "^4.0.11",
        "react-use-variable": "latest",
        "uuid": "^9.0.1"
      }
    },
    "node_modules/regenerator-runtime": {
      "version": "0.14.1",
      "resolved": "https://registry.npmjs.org/regenerator-runtime/-/regenerator-runtime-0.14.1.tgz",
      "integrity": "sha512-dYnhHh0nJoMfnkZs6GmmhFknAGRrLznOu5nc9ML+EJxGvrx6H7teuevqVqCuPcPK//3eDrrjQhehXVx9cnkGdw=="
    },
    "node_modules/uuid": {
      "version": "9.0.1",
      "resolved": "https://registry.npmjs.org/uuid/-/uuid-9.0.1.tgz",
      "integrity": "sha512-b+1eJOlsR9K8HJpow9Ok3fiWOWSIcIzXodvv0rQjVoOVNpWMpxf1wZNpt4y9h10odCNrqnYp1OBzRktckBe3sA==",
      "funding": [
        "https://github.com/sponsors/broofa",
        "https://github.com/sponsors/ctavan"
      ],
      "bin": {
        "uuid": "dist/bin/uuid"
      }
    }
  }
}
